
Microsoft Visual Studio Solution File, Format Version 12.00
# Visual Studio Version 17
VisualStudioVersion = 17.7.34221.43
MinimumVisualStudioVersion = 10.0.40219.1
Project("{FAE04EC0-301F-11D3-BF4B-00C04F79EFBC}") = "QuizMaker.Domain", "QuizMaker.Domain\QuizMaker.Domain.csproj", "{0CFB64D4-C897-4118-A11C-5DDB9EC412F8}"
EndProject
Global
	GlobalSection(SolutionConfigurationPlatforms) = preSolution
		Debug|Any CPU = Debug|Any CPU
		Release|Any CPU = Release|Any CPU
	EndGlobalSection
	GlobalSection(ProjectConfigurationPlatforms) = postSolution
		{0CFB64D4-C897-4118-A11C-5DDB9EC412F8}.Debug|Any CPU.ActiveCfg = Debug|Any CPU
		{0CFB64D4-C897-4118-A11C-5DDB9EC412F8}.Debug|Any CPU.Build.0 = Debug|Any CPU
		{0CFB64D4-C897-4118-A11C-5DDB9EC412F8}.Release|Any CPU.ActiveCfg = Release|Any CPU
		{0CFB64D4-C897-4118-A11C-5DDB9EC412F8}.Release|Any CPU.Build.0 = Release|Any CPU
	EndGlobalSection
	GlobalSection(SolutionProperties) = preSolution
		HideSolutionNode = FALSE
	EndGlobalSection
	GlobalSection(ExtensibilityGlobals) = postSolution
		SolutionGuid = {E0CA1AE3-2DC2-4CF3-B58E-82B7E782529F}
	EndGlobalSection
EndGlobal
